github.com/wroge/scan v0.0.5 h1:RQQDccbzJke+J306MrsfNwy9LN+ewyaRy2WNnGGbbnU=
github.com/wroge/scan v0.0.5/go.mod h1:0SxQp5+wMY+fG8SRR5oi5q4h/FzRrg2BNmO6LF4RwIk=
github.com/wroge/superbasic v1.1.10 h1:WrQWwbDckFi4aVeN+gi+Xd9mmB/P46b3UB8inTEg4/o=
github.com/wroge/superbasic v1.1.10/go.mod h1:pxCE0fWKQ0upG7r6Mjm/R68NPg9Zsa5UofJCJbYJUXE=
