github.com/wroge/scan v0.0.6 h1:rjAkuRfgBDN9JDsb5H3bwjyiqjheGHR3TWFsg6l/8b8=
github.com/wroge/scan v0.0.6/go.mod h1:0SxQp5+wMY+fG8SRR5oi5q4h/FzRrg2BNmO6LF4RwIk=
github.com/wroge/superbasic v1.1.11 h1:xDx+24eqkAH+HRmyxyyDgmWec5qw7o5grnOoPjed4+8=
github.com/wroge/superbasic v1.1.11/go.mod h1:pxCE0fWKQ0upG7r6Mjm/R68NPg9Zsa5UofJCJbYJUXE=
