github.com/wroge/scan v0.0.5 h1:RQQDccbzJke+J306MrsfNwy9LN+ewyaRy2WNnGGbbnU=
github.com/wroge/scan v0.0.5/go.mod h1:0SxQp5+wMY+fG8SRR5oi5q4h/FzRrg2BNmO6LF4RwIk=
github.com/wroge/superbasic v1.1.12 h1:x5+Dl+9MyJwY6NsiA0s/6MjFrBiPxtdNB8pud/P3hMI=
github.com/wroge/superbasic v1.1.12/go.mod h1:89SUEluI5OX8wOWoMReHRecxmzHe/1Iu1l3O3uXIANY=
